
Microsoft Visual Studio Solution File, Format Version 12.00
# Visual Studio Version 17
VisualStudioVersion = 17.10.35027.167
MinimumVisualStudioVersion = 10.0.40219.1
Project("{9A19103F-16F7-4668-BE54-9A1E7A4F7556}") = "TopFilms", "TopFilms\TopFilms.csproj", "{9A02DA79-718A-42AD-9DB1-87BB4E66CC33}"
EndProject
Global
	GlobalSection(SolutionConfigurationPlatforms) = preSolution
		Debug|Any CPU = Debug|Any CPU
		Release|Any CPU = Release|Any CPU
	EndGlobalSection
	GlobalSection(ProjectConfigurationPlatforms) = postSolution
		{9A02DA79-718A-42AD-9DB1-87BB4E66CC33}.Debug|Any CPU.ActiveCfg = Debug|Any CPU
		{9A02DA79-718A-42AD-9DB1-87BB4E66CC33}.Debug|Any CPU.Build.0 = Debug|Any CPU
		{9A02DA79-718A-42AD-9DB1-87BB4E66CC33}.Release|Any CPU.ActiveCfg = Release|Any CPU
		{9A02DA79-718A-42AD-9DB1-87BB4E66CC33}.Release|Any CPU.Build.0 = Release|Any CPU
	EndGlobalSection
	GlobalSection(SolutionProperties) = preSolution
		HideSolutionNode = FALSE
	EndGlobalSection
	GlobalSection(ExtensibilityGlobals) = postSolution
		SolutionGuid = {B56855A9-783C-4EF7-A968-1833D92BEE81}
	EndGlobalSection
EndGlobal
